
Microsoft Visual Studio Solution File, Format Version 12.00
# Visual Studio Version 17
VisualStudioVersion = 17.5.33424.131
MinimumVisualStudioVersion = 10.0.40219.1
Project("{FAE04EC0-301F-11D3-BF4B-00C04F79EFBC}") = "ConsumeWebAPI", "ConsumeWebAPI\ConsumeWebAPI.csproj", "{999500ED-0F6E-4B86-82D3-B9E7C8BF3DDF}"
EndProject
Global
	GlobalSection(SolutionConfigurationPlatforms) = preSolution
		Debug|Any CPU = Debug|Any CPU
		Release|Any CPU = Release|Any CPU
	EndGlobalSection
	GlobalSection(ProjectConfigurationPlatforms) = postSolution
		{999500ED-0F6E-4B86-82D3-B9E7C8BF3DDF}.Debug|Any CPU.ActiveCfg = Debug|Any CPU
		{999500ED-0F6E-4B86-82D3-B9E7C8BF3DDF}.Debug|Any CPU.Build.0 = Debug|Any CPU
		{999500ED-0F6E-4B86-82D3-B9E7C8BF3DDF}.Release|Any CPU.ActiveCfg = Release|Any CPU
		{999500ED-0F6E-4B86-82D3-B9E7C8BF3DDF}.Release|Any CPU.Build.0 = Release|Any CPU
	EndGlobalSection
	GlobalSection(SolutionProperties) = preSolution
		HideSolutionNode = FALSE
	EndGlobalSection
	GlobalSection(ExtensibilityGlobals) = postSolution
		SolutionGuid = {7E334781-ECBD-4E9B-87D6-1B1A8743D263}
	EndGlobalSection
EndGlobal
